
Microsoft Visual Studio Solution File, Format Version 12.00
# Visual Studio Version 16
VisualStudioVersion = 16.0.30114.105
MinimumVisualStudioVersion = 10.0.40219.1
Project("{FAE04EC0-301F-11D3-BF4B-00C04F79EFBC}") = "CharacterList", "CharacterList\CharacterList.csproj", "{7A90B6E7-CA62-44F3-9926-E80A3B80A295}"
EndProject
Global
	GlobalSection(SolutionConfigurationPlatforms) = preSolution
		Debug|Any CPU = Debug|Any CPU
		Release|Any CPU = Release|Any CPU
	EndGlobalSection
	GlobalSection(ProjectConfigurationPlatforms) = postSolution
		{7A90B6E7-CA62-44F3-9926-E80A3B80A295}.Debug|Any CPU.ActiveCfg = Debug|Any CPU
		{7A90B6E7-CA62-44F3-9926-E80A3B80A295}.Debug|Any CPU.Build.0 = Debug|Any CPU
		{7A90B6E7-CA62-44F3-9926-E80A3B80A295}.Release|Any CPU.ActiveCfg = Release|Any CPU
		{7A90B6E7-CA62-44F3-9926-E80A3B80A295}.Release|Any CPU.Build.0 = Release|Any CPU
	EndGlobalSection
	GlobalSection(SolutionProperties) = preSolution
		HideSolutionNode = FALSE
	EndGlobalSection
	GlobalSection(ExtensibilityGlobals) = postSolution
		SolutionGuid = {418C149E-8A47-430B-9A9E-491DBF94BC0C}
	EndGlobalSection
EndGlobal
